
Microsoft Visual Studio Solution File, Format Version 12.00
# Visual Studio 15
VisualStudioVersion = 15.0.27130.2010
MinimumVisualStudioVersion = 10.0.40219.1
Project("{FAE04EC0-301F-11D3-BF4B-00C04F79EFBC}") = "HW3", "HW3.csproj", "{10AAC550-3C1F-4DC4-AF7D-E810298905CC}"
EndProject
Global
	GlobalSection(SolutionConfigurationPlatforms) = preSolution
		Debug|Any CPU = Debug|Any CPU
		Release|Any CPU = Release|Any CPU
	EndGlobalSection
	GlobalSection(ProjectConfigurationPlatforms) = postSolution
		{10AAC550-3C1F-4DC4-AF7D-E810298905CC}.Debug|Any CPU.ActiveCfg = Debug|Any CPU
		{10AAC550-3C1F-4DC4-AF7D-E810298905CC}.Debug|Any CPU.Build.0 = Debug|Any CPU
		{10AAC550-3C1F-4DC4-AF7D-E810298905CC}.Release|Any CPU.ActiveCfg = Release|Any CPU
		{10AAC550-3C1F-4DC4-AF7D-E810298905CC}.Release|Any CPU.Build.0 = Release|Any CPU
	EndGlobalSection
	GlobalSection(SolutionProperties) = preSolution
		HideSolutionNode = FALSE
	EndGlobalSection
	GlobalSection(ExtensibilityGlobals) = postSolution
		SolutionGuid = {68F304F6-5E94-41DA-8B58-4C30E85DE830}
	EndGlobalSection
EndGlobal
