
Microsoft Visual Studio Solution File, Format Version 12.00
# Visual Studio 15
VisualStudioVersion = 15.0.27130.2010
MinimumVisualStudioVersion = 10.0.40219.1
Project("{FAE04EC0-301F-11D3-BF4B-00C04F79EFBC}") = "HW8-1", "HW8-1.csproj", "{B354DBED-D4D5-48E6-9FD2-6A59E3C66DD4}"
EndProject
Project("{FAE04EC0-301F-11D3-BF4B-00C04F79EFBC}") = "HW8-2", "..\HW8-2\HW8-2.csproj", "{15747927-C3F4-4EFB-A80E-D3AEF9B42B7C}"
EndProject
Global
	GlobalSection(SolutionConfigurationPlatforms) = preSolution
		Debug|Any CPU = Debug|Any CPU
		Release|Any CPU = Release|Any CPU
	EndGlobalSection
	GlobalSection(ProjectConfigurationPlatforms) = postSolution
		{B354DBED-D4D5-48E6-9FD2-6A59E3C66DD4}.Debug|Any CPU.ActiveCfg = Debug|Any CPU
		{B354DBED-D4D5-48E6-9FD2-6A59E3C66DD4}.Debug|Any CPU.Build.0 = Debug|Any CPU
		{B354DBED-D4D5-48E6-9FD2-6A59E3C66DD4}.Release|Any CPU.ActiveCfg = Release|Any CPU
		{B354DBED-D4D5-48E6-9FD2-6A59E3C66DD4}.Release|Any CPU.Build.0 = Release|Any CPU
		{15747927-C3F4-4EFB-A80E-D3AEF9B42B7C}.Debug|Any CPU.ActiveCfg = Debug|Any CPU
		{15747927-C3F4-4EFB-A80E-D3AEF9B42B7C}.Debug|Any CPU.Build.0 = Debug|Any CPU
		{15747927-C3F4-4EFB-A80E-D3AEF9B42B7C}.Release|Any CPU.ActiveCfg = Release|Any CPU
		{15747927-C3F4-4EFB-A80E-D3AEF9B42B7C}.Release|Any CPU.Build.0 = Release|Any CPU
	EndGlobalSection
	GlobalSection(SolutionProperties) = preSolution
		HideSolutionNode = FALSE
	EndGlobalSection
	GlobalSection(ExtensibilityGlobals) = postSolution
		SolutionGuid = {D976DB9D-C383-4340-897C-48C0C00F8EDF}
	EndGlobalSection
EndGlobal
