
Microsoft Visual Studio Solution File, Format Version 12.00
# Visual Studio 15
VisualStudioVersion = 15.0.27130.2010
MinimumVisualStudioVersion = 10.0.40219.1
Project("{FAE04EC0-301F-11D3-BF4B-00C04F79EFBC}") = "HW4-Console", "HW4-Console.csproj", "{6A86530C-3601-4DCE-9C1F-386EF05AAC71}"
EndProject
Project("{FAE04EC0-301F-11D3-BF4B-00C04F79EFBC}") = "HW4-WPF", "HW4-WPF\HW4-WPF.csproj", "{7B92CE7B-2AFC-4F89-B57D-B43C871A5F2C}"
EndProject
Global
	GlobalSection(SolutionConfigurationPlatforms) = preSolution
		Debug|Any CPU = Debug|Any CPU
		Release|Any CPU = Release|Any CPU
	EndGlobalSection
	GlobalSection(ProjectConfigurationPlatforms) = postSolution
		{6A86530C-3601-4DCE-9C1F-386EF05AAC71}.Debug|Any CPU.ActiveCfg = Debug|Any CPU
		{6A86530C-3601-4DCE-9C1F-386EF05AAC71}.Debug|Any CPU.Build.0 = Debug|Any CPU
		{6A86530C-3601-4DCE-9C1F-386EF05AAC71}.Release|Any CPU.ActiveCfg = Release|Any CPU
		{6A86530C-3601-4DCE-9C1F-386EF05AAC71}.Release|Any CPU.Build.0 = Release|Any CPU
		{7B92CE7B-2AFC-4F89-B57D-B43C871A5F2C}.Debug|Any CPU.ActiveCfg = Debug|Any CPU
		{7B92CE7B-2AFC-4F89-B57D-B43C871A5F2C}.Debug|Any CPU.Build.0 = Debug|Any CPU
		{7B92CE7B-2AFC-4F89-B57D-B43C871A5F2C}.Release|Any CPU.ActiveCfg = Release|Any CPU
		{7B92CE7B-2AFC-4F89-B57D-B43C871A5F2C}.Release|Any CPU.Build.0 = Release|Any CPU
	EndGlobalSection
	GlobalSection(SolutionProperties) = preSolution
		HideSolutionNode = FALSE
	EndGlobalSection
	GlobalSection(ExtensibilityGlobals) = postSolution
		SolutionGuid = {05E2947E-E4DF-494F-A535-D2CD4BE26C58}
	EndGlobalSection
EndGlobal
